
Microsoft Visual Studio Solution File, Format Version 12.00
# Visual Studio 14
VisualStudioVersion = 14.0.25420.1
MinimumVisualStudioVersion = 10.0.40219.1
Project("{FAE04EC0-301F-11D3-BF4B-00C04F79EFBC}") = "SeleniumApp", "SeleniumApp\SeleniumApp.csproj", "{66CC040A-79E9-4C9E-9B92-D20FA4301ADB}"
EndProject
Project("{FAE04EC0-301F-11D3-BF4B-00C04F79EFBC}") = "SeleniumApp.Tests", "SeleniumAppTest\SeleniumApp.Tests.csproj", "{0456EAC8-EA29-431C-8B87-99763B7063E7}"
EndProject
Global
	GlobalSection(SolutionConfigurationPlatforms) = preSolution
		Debug|Any CPU = Debug|Any CPU
		Release|Any CPU = Release|Any CPU
	EndGlobalSection
	GlobalSection(ProjectConfigurationPlatforms) = postSolution
		{66CC040A-79E9-4C9E-9B92-D20FA4301ADB}.Debug|Any CPU.ActiveCfg = Debug|Any CPU
		{66CC040A-79E9-4C9E-9B92-D20FA4301ADB}.Debug|Any CPU.Build.0 = Debug|Any CPU
		{66CC040A-79E9-4C9E-9B92-D20FA4301ADB}.Release|Any CPU.ActiveCfg = Release|Any CPU
		{66CC040A-79E9-4C9E-9B92-D20FA4301ADB}.Release|Any CPU.Build.0 = Release|Any CPU
		{0456EAC8-EA29-431C-8B87-99763B7063E7}.Debug|Any CPU.ActiveCfg = Debug|Any CPU
		{0456EAC8-EA29-431C-8B87-99763B7063E7}.Debug|Any CPU.Build.0 = Debug|Any CPU
		{0456EAC8-EA29-431C-8B87-99763B7063E7}.Release|Any CPU.ActiveCfg = Release|Any CPU
		{0456EAC8-EA29-431C-8B87-99763B7063E7}.Release|Any CPU.Build.0 = Release|Any CPU
	EndGlobalSection
	GlobalSection(SolutionProperties) = preSolution
		HideSolutionNode = FALSE
	EndGlobalSection
EndGlobal
